lockfileVersion: '9.0'

settings:
  autoInstallPeers: true
  excludeLinksFromLockfile: false

importers:

  .:
    dependencies:
      solc:
        specifier: ^0.8.30
        version: 0.8.30
    devDependencies:
      prettier:
        specifier: ^3.6.2
        version: 3.6.2
      prettier-plugin-solidity:
        specifier: ^2.1.0
        version: 2.1.0(prettier@3.6.2)

packages:

  '@bytecodealliance/preview2-shim@0.17.2':
    resolution: {integrity: sha512-mNm/lblgES8UkVle8rGImXOz4TtL3eU3inHay/7TVchkKrb/lgcVvTK0+VAw8p5zQ0rgQsXm1j5dOlAAd+MeoA==}

  '@nomicfoundation/slang@1.2.0':
    resolution: {integrity: sha512-+04Z1RHbbz0ldDbHKQFOzveCdI9Rd3TZZu7fno5hHy3OsqTo9UK5Jgqo68wMvRovCO99POv6oCEyO7+urGeN8Q==}

  '@solidity-parser/parser@0.20.2':
    resolution: {integrity: sha512-rbu0bzwNvMcwAjH86hiEAcOeRI2EeK8zCkHDrFykh/Al8mvJeFmjy3UrE7GYQjNwOgbGUUtCn5/k8CB8zIu7QA==}

  command-exists@1.2.9:
    resolution: {integrity: sha512-LTQ/SGc+s0Xc0Fu5WaKnR0YiygZkm9eKFvyS+fRsU7/ZWFF8ykFM6Pc9aCVf1+xasOOZpO3BAVgVrKvsqKHV7w==}

  commander@8.3.0:
    resolution: {integrity: sha512-OkTL9umf+He2DZkUq8f8J9of7yL6RJKI24dVITBmNfZBmri9zYZQrKkuXiKhyfPSu8tUhnVBB1iKXevvnlR4Ww==}
    engines: {node: '>= 12'}

  follow-redirects@1.15.11:
    resolution: {integrity: sha512-deG2P0JfjrTxl50XGCDyfI97ZGVCxIpfKYmfyrQ54n5FO/0gfIES8C/Psl6kWVDolizcaaxZJnTS0QSMxvnsBQ==}
    engines: {node: '>=4.0'}
    peerDependencies:
      debug: '*'
    peerDependenciesMeta:
      debug:
        optional: true

  js-sha3@0.8.0:
    resolution: {integrity: sha512-gF1cRrHhIzNfToc802P800N8PpXS+evLLXfsVpowqmAFR9uwbi89WvXg2QspOmXL8QL86J4T1EpFu+yUkwJY3Q==}

  memorystream@0.3.1:
    resolution: {integrity: sha512-S3UwM3yj5mtUSEfP41UZmt/0SCoVYUcU1rkXv+BQ5Ig8ndL4sPoJNBUJERafdPb5jjHJGuMgytgKvKIf58XNBw==}
    engines: {node: '>= 0.10.0'}

  os-tmpdir@1.0.2:
    resolution: {integrity: sha512-D2FR03Vir7FIu45XBY20mTb+/ZSWB00sjU9jdQXt83gDrI4Ztz5Fs7/yy74g2N5SVQY4xY1qDr4rNddwYRVX0g==}
    engines: {node: '>=0.10.0'}

  prettier-plugin-solidity@2.1.0:
    resolution: {integrity: sha512-O5HX4/PCE5aqiaEiNGbSRLbSBZQ6kLswAav5LBSewwzhT+sZlN6iAaLZlZcJzPEnIAxwLEHP03xKEg92fflT9Q==}
    engines: {node: '>=20'}
    peerDependencies:
      prettier: '>=3.0.0'

  prettier@3.6.2:
    resolution: {integrity: sha512-I7AIg5boAr5R0FFtJ6rCfD+LFsWHp81dolrFD8S79U9tb8Az2nGrJncnMSnys+bpQJfRUzqs9hnA81OAA3hCuQ==}
    engines: {node: '>=14'}
    hasBin: true

  semver@5.7.2:
    resolution: {integrity: sha512-cBznnQ9KjJqU67B52RMC65CMarK2600WFnbkcaiwWq3xy/5haFJlshgnpjovMVJ+Hff49d8GEn0b87C5pDQ10g==}
    hasBin: true

  semver@7.7.2:
    resolution: {integrity: sha512-RF0Fw+rO5AMf9MAyaRXI4AV0Ulj5lMHqVxxdSgiVbixSCXoEmmX/jk0CuJw4+3SqroYO9VoUh+HcuJivvtJemA==}
    engines: {node: '>=10'}
    hasBin: true

  solc@0.8.30:
    resolution: {integrity: sha512-9Srk/gndtBmoUbg4CE6ypAzPQlElv8ntbnl6SigUBAzgXKn35v87sj04uZeoZWjtDkdzT0qKFcIo/wl63UMxdw==}
    engines: {node: '>=12.0.0'}
    hasBin: true

  tmp@0.0.33:
    resolution: {integrity: sha512-jRCJlojKnZ3addtTOjdIqoRuPEKBvNXcGYqzO6zWZX8KfKEpnGY5jfggJQ3EjKuu8D4bJRr0y+cYJFmYbImXGw==}
    engines: {node: '>=0.6.0'}

snapshots:

  '@bytecodealliance/preview2-shim@0.17.2': {}

  '@nomicfoundation/slang@1.2.0':
    dependencies:
      '@bytecodealliance/preview2-shim': 0.17.2

  '@solidity-parser/parser@0.20.2': {}

  command-exists@1.2.9: {}

  commander@8.3.0: {}

  follow-redirects@1.15.11: {}

  js-sha3@0.8.0: {}

  memorystream@0.3.1: {}

  os-tmpdir@1.0.2: {}

  prettier-plugin-solidity@2.1.0(prettier@3.6.2):
    dependencies:
      '@nomicfoundation/slang': 1.2.0
      '@solidity-parser/parser': 0.20.2
      prettier: 3.6.2
      semver: 7.7.2

  prettier@3.6.2: {}

  semver@5.7.2: {}

  semver@7.7.2: {}

  solc@0.8.30:
    dependencies:
      command-exists: 1.2.9
      commander: 8.3.0
      follow-redirects: 1.15.11
      js-sha3: 0.8.0
      memorystream: 0.3.1
      semver: 5.7.2
      tmp: 0.0.33
    transitivePeerDependencies:
      - debug

  tmp@0.0.33:
    dependencies:
      os-tmpdir: 1.0.2
